{
    "_readme": [
        "This file locks the dependencies of your project to a known state",
        "Read more about it at https://getcomposer.org/doc/01-basic-usage.md#composer-lock-the-lock-file",
        "This file is @generated automatically"
    ],
    "hash": "6aadba39b83540db7da0db0c3d68b2df",
    "packages": [
        {
            "name": "plasticbrain/php-flash-messages",
            "version": "v1.0.0",
            "source": {
                "type": "git",
                "url": "https://github.com/plasticbrain/PhpFlashMessages.git",
                "reference": "50c3084b319ce229a1a9e922698cc12cfd00d093"
            },
            "dist": {
                "type": "zip",
                "url": "https://api.github.com/repos/plasticbrain/PhpFlashMessages/zipball/50c3084b319ce229a1a9e922698cc12cfd00d093",
                "reference": "50c3084b319ce229a1a9e922698cc12cfd00d093",
                "shasum": ""
            },
            "require": {
                "php": ">=5.3.0"
            },
            "type": "library",
            "autoload": {
                "psr-4": {
                    "Plasticbrain\\FlashMessages\\": "src/"
                }
            },
            "notification-url": "https://packagist.org/downloads/",
            "license": [
                "MIT"
            ],
            "authors": [
                {
                    "name": "Mike Everhart",
                    "email": "mike@plasticbrain.net"
                }
            ],
            "description": "A modern take on PHP session-based flash messages",
            "keywords": [
                "flash",
                "messages",
                "php",
                "session"
            ],
            "time": "2015-10-28 19:45:37"
        }
    ],
    "packages-dev": [],
    "aliases": [],
    "minimum-stability": "stable",
    "stability-flags": [],
    "prefer-stable": false,
    "prefer-lowest": false,
    "platform": [],
    "platform-dev": []
}
